
Microsoft Visual Studio Solution File, Format Version 12.00
# Visual Studio 15
VisualStudioVersion = 15.0.28307.757
MinimumVisualStudioVersion = 10.0.40219.1
Project("{8BC9CEB8-8B4A-11D0-8D11-00A0C91BC942}") = "exeTest", "exeTest\exeTest.vcxproj", "{E68852F7-C28F-4774-A86E-7FAF9E50811D}"
EndProject
Project("{8BC9CEB8-8B4A-11D0-8D11-00A0C91BC942}") = "systest", "systest\systest.vcxproj", "{22C7638A-23A8-4136-B72A-97D5DBAC07D2}"
EndProject
Global
	GlobalSection(SolutionConfigurationPlatforms) = preSolution
		Debug|ARM = Debug|ARM
		Debug|ARM64 = Debug|ARM64
		Debug|x64 = Debug|x64
		Debug|x86 = Debug|x86
		Release|ARM = Release|ARM
		Release|ARM64 = Release|ARM64
		Release|x64 = Release|x64
		Release|x86 = Release|x86
	EndGlobalSection
	GlobalSection(ProjectConfigurationPlatforms) = postSolution
		{E68852F7-C28F-4774-A86E-7FAF9E50811D}.Debug|ARM.ActiveCfg = Debug|Win32
		{E68852F7-C28F-4774-A86E-7FAF9E50811D}.Debug|ARM64.ActiveCfg = Debug|Win32
		{E68852F7-C28F-4774-A86E-7FAF9E50811D}.Debug|x64.ActiveCfg = Debug|x64
		{E68852F7-C28F-4774-A86E-7FAF9E50811D}.Debug|x64.Build.0 = Debug|x64
		{E68852F7-C28F-4774-A86E-7FAF9E50811D}.Debug|x86.ActiveCfg = Debug|Win32
		{E68852F7-C28F-4774-A86E-7FAF9E50811D}.Debug|x86.Build.0 = Debug|Win32
		{E68852F7-C28F-4774-A86E-7FAF9E50811D}.Release|ARM.ActiveCfg = Release|Win32
		{E68852F7-C28F-4774-A86E-7FAF9E50811D}.Release|ARM64.ActiveCfg = Release|Win32
		{E68852F7-C28F-4774-A86E-7FAF9E50811D}.Release|x64.ActiveCfg = Release|x64
		{E68852F7-C28F-4774-A86E-7FAF9E50811D}.Release|x64.Build.0 = Release|x64
		{E68852F7-C28F-4774-A86E-7FAF9E50811D}.Release|x86.ActiveCfg = Release|Win32
		{E68852F7-C28F-4774-A86E-7FAF9E50811D}.Release|x86.Build.0 = Release|Win32
		{22C7638A-23A8-4136-B72A-97D5DBAC07D2}.Debug|ARM.ActiveCfg = Debug|ARM
		{22C7638A-23A8-4136-B72A-97D5DBAC07D2}.Debug|ARM.Build.0 = Debug|ARM
		{22C7638A-23A8-4136-B72A-97D5DBAC07D2}.Debug|ARM.Deploy.0 = Debug|ARM
		{22C7638A-23A8-4136-B72A-97D5DBAC07D2}.Debug|ARM64.ActiveCfg = Debug|ARM64
		{22C7638A-23A8-4136-B72A-97D5DBAC07D2}.Debug|ARM64.Build.0 = Debug|ARM64
		{22C7638A-23A8-4136-B72A-97D5DBAC07D2}.Debug|ARM64.Deploy.0 = Debug|ARM64
		{22C7638A-23A8-4136-B72A-97D5DBAC07D2}.Debug|x64.ActiveCfg = Debug|x64
		{22C7638A-23A8-4136-B72A-97D5DBAC07D2}.Debug|x64.Build.0 = Debug|x64
		{22C7638A-23A8-4136-B72A-97D5DBAC07D2}.Debug|x64.Deploy.0 = Debug|x64
		{22C7638A-23A8-4136-B72A-97D5DBAC07D2}.Debug|x86.ActiveCfg = Debug|Win32
		{22C7638A-23A8-4136-B72A-97D5DBAC07D2}.Debug|x86.Build.0 = Debug|Win32
		{22C7638A-23A8-4136-B72A-97D5DBAC07D2}.Debug|x86.Deploy.0 = Debug|Win32
		{22C7638A-23A8-4136-B72A-97D5DBAC07D2}.Release|ARM.ActiveCfg = Release|ARM
		{22C7638A-23A8-4136-B72A-97D5DBAC07D2}.Release|ARM.Build.0 = Release|ARM
		{22C7638A-23A8-4136-B72A-97D5DBAC07D2}.Release|ARM.Deploy.0 = Release|ARM
		{22C7638A-23A8-4136-B72A-97D5DBAC07D2}.Release|ARM64.ActiveCfg = Release|ARM64
		{22C7638A-23A8-4136-B72A-97D5DBAC07D2}.Release|ARM64.Build.0 = Release|ARM64
		{22C7638A-23A8-4136-B72A-97D5DBAC07D2}.Release|ARM64.Deploy.0 = Release|ARM64
		{22C7638A-23A8-4136-B72A-97D5DBAC07D2}.Release|x64.ActiveCfg = Release|x64
		{22C7638A-23A8-4136-B72A-97D5DBAC07D2}.Release|x64.Build.0 = Release|x64
		{22C7638A-23A8-4136-B72A-97D5DBAC07D2}.Release|x64.Deploy.0 = Release|x64
		{22C7638A-23A8-4136-B72A-97D5DBAC07D2}.Release|x86.ActiveCfg = Release|Win32
		{22C7638A-23A8-4136-B72A-97D5DBAC07D2}.Release|x86.Build.0 = Release|Win32
		{22C7638A-23A8-4136-B72A-97D5DBAC07D2}.Release|x86.Deploy.0 = Release|Win32
	EndGlobalSection
	GlobalSection(SolutionProperties) = preSolution
		HideSolutionNode = FALSE
	EndGlobalSection
	GlobalSection(ExtensibilityGlobals) = postSolution
		SolutionGuid = {24C91AED-23F3-4672-8428-E76DA8185AA9}
	EndGlobalSection
EndGlobal
